
Microsoft Visual Studio Solution File, Format Version 12.00
# Visual Studio Version 17
VisualStudioVersion = 17.2.32630.192
MinimumVisualStudioVersion = 10.0.40219.1
Project("{FAE04EC0-301F-11D3-BF4B-00C04F79EFBC}") = "BuilderExample", "BuilderExample\BuilderExample.csproj", "{1BD33405-F2BD-430A-AEE2-AFA9EE7D98FC}"
EndProject
Global
	GlobalSection(SolutionConfigurationPlatforms) = preSolution
		Debug|Any CPU = Debug|Any CPU
		Release|Any CPU = Release|Any CPU
	EndGlobalSection
	GlobalSection(ProjectConfigurationPlatforms) = postSolution
		{1BD33405-F2BD-430A-AEE2-AFA9EE7D98FC}.Debug|Any CPU.ActiveCfg = Debug|Any CPU
		{1BD33405-F2BD-430A-AEE2-AFA9EE7D98FC}.Debug|Any CPU.Build.0 = Debug|Any CPU
		{1BD33405-F2BD-430A-AEE2-AFA9EE7D98FC}.Release|Any CPU.ActiveCfg = Release|Any CPU
		{1BD33405-F2BD-430A-AEE2-AFA9EE7D98FC}.Release|Any CPU.Build.0 = Release|Any CPU
	EndGlobalSection
	GlobalSection(SolutionProperties) = preSolution
		HideSolutionNode = FALSE
	EndGlobalSection
	GlobalSection(ExtensibilityGlobals) = postSolution
		SolutionGuid = {F38835FA-0C3A-47D4-B8A5-16A59B38D0DC}
	EndGlobalSection
EndGlobal
